
Microsoft Visual Studio Solution File, Format Version 12.00
# Visual Studio Version 17
VisualStudioVersion = 17.10.35013.160
MinimumVisualStudioVersion = 10.0.40219.1
Project("{FAE04EC0-301F-11D3-BF4B-00C04F79EFBC}") = "labs2sem", "labs2sem\labs2sem.csproj", "{5980732D-400D-4AD1-8761-A64AF17A7FCC}"
EndProject
Global
	GlobalSection(SolutionConfigurationPlatforms) = preSolution
		Debug|Any CPU = Debug|Any CPU
		Release|Any CPU = Release|Any CPU
	EndGlobalSection
	GlobalSection(ProjectConfigurationPlatforms) = postSolution
		{5980732D-400D-4AD1-8761-A64AF17A7FCC}.Debug|Any CPU.ActiveCfg = Debug|Any CPU
		{5980732D-400D-4AD1-8761-A64AF17A7FCC}.Debug|Any CPU.Build.0 = Debug|Any CPU
		{5980732D-400D-4AD1-8761-A64AF17A7FCC}.Release|Any CPU.ActiveCfg = Release|Any CPU
		{5980732D-400D-4AD1-8761-A64AF17A7FCC}.Release|Any CPU.Build.0 = Release|Any CPU
	EndGlobalSection
	GlobalSection(SolutionProperties) = preSolution
		HideSolutionNode = FALSE
	EndGlobalSection
	GlobalSection(ExtensibilityGlobals) = postSolution
		SolutionGuid = {C1C31E59-B8F4-42A0-8FDF-A9690AB495BC}
	EndGlobalSection
EndGlobal
